
Microsoft Visual Studio Solution File, Format Version 12.00
# Visual Studio Version 16
VisualStudioVersion = 16.0.31613.86
MinimumVisualStudioVersion = 10.0.40219.1
Project("{2150E333-8FDC-42A3-9474-1A3956D46DE8}") = "Netframework", "Netframework", "{60DB2BBD-9EB9-44E2-BE4A-355ABA171315}"
EndProject
Project("{FAE04EC0-301F-11D3-BF4B-00C04F79EFBC}") = "UmbracoHelpersIcons", "NetFramework\UmbracoHelpersIcons\UmbracoHelpersIcons.csproj", "{F7A9F814-A016-4215-A5F2-ED548B984EF4}"
EndProject
Global
	GlobalSection(SolutionConfigurationPlatforms) = preSolution
		Debug|Any CPU = Debug|Any CPU
		Release|Any CPU = Release|Any CPU
	EndGlobalSection
	GlobalSection(ProjectConfigurationPlatforms) = postSolution
		{F7A9F814-A016-4215-A5F2-ED548B984EF4}.Debug|Any CPU.ActiveCfg = Debug|Any CPU
		{F7A9F814-A016-4215-A5F2-ED548B984EF4}.Debug|Any CPU.Build.0 = Debug|Any CPU
		{F7A9F814-A016-4215-A5F2-ED548B984EF4}.Release|Any CPU.ActiveCfg = Release|Any CPU
		{F7A9F814-A016-4215-A5F2-ED548B984EF4}.Release|Any CPU.Build.0 = Release|Any CPU
	EndGlobalSection
	GlobalSection(SolutionProperties) = preSolution
		HideSolutionNode = FALSE
	EndGlobalSection
	GlobalSection(NestedProjects) = preSolution
		{F7A9F814-A016-4215-A5F2-ED548B984EF4} = {60DB2BBD-9EB9-44E2-BE4A-355ABA171315}
	EndGlobalSection
	GlobalSection(ExtensibilityGlobals) = postSolution
		SolutionGuid = {494CC6D2-F53A-4928-810F-1E2DB4833EA6}
	EndGlobalSection
EndGlobal
